// !$*UTF8*$!
{
	archiveVersion = 1;
	classes = {
	};
	objectVersion = 46;
	objects = {

/* Begin PBXBuildFile section */
		2ECB80621C07600900CE72EB /* AppDelegate.swift in Sources */ = {isa = PBXBuildFile; fileRef = 2ECB80611C07600900CE72EB /* AppDelegate.swift */; };
		2ECB80641C07600900CE72EB /* ViewController.swift in Sources */ = {isa = PBXBuildFile; fileRef = 2ECB80631C07600900CE72EB /* ViewController.swift */; };
		2ECB80671C07600900CE72EB /* Main.storyboard in Resources */ = {isa = PBXBuildFile; fileRef = 2ECB80651C07600900CE72EB /* Main.storyboard */; };
		2ECB806A1C07600900CE72EB /* readingList.xcdatamodeld in Sources */ = {isa = PBXBuildFile; fileRef = 2ECB80681C07600900CE72EB /* readingList.xcdatamodeld */; };
		2ECB806C1C07600900CE72EB /* Assets.xcassets in Resources */ = {isa = PBXBuildFile; fileRef = 2ECB806B1C07600900CE72EB /* Assets.xcassets */; };
		2ECB806F1C07600900CE72EB /* LaunchScreen.storyboard in Resources */ = {isa = PBXBuildFile; fileRef = 2ECB806D1C07600900CE72EB /* LaunchScreen.storyboard */; };
/* End PBXBuildFile section */

/* Begin PBXFileReference section */
		2ECB805E1C07600900CE72EB /* readingList.app */ = {isa = PBXFileReference; explicitFileType = wrapper.application; includeInIndex = 0; path = readingList.app; sourceTree = BUILT_PRODUCTS_DIR; };
		2ECB80611C07600900CE72EB /* AppDelegate.swift */ = {isa = PBXFileReference; lastKnownFileType = sourcecode.swift; path = AppDelegate.swift; sourceTree = "<group>"; };
		2ECB80631C07600900CE72EB /* ViewController.swift */ = {isa = PBXFileReference; lastKnownFileType = sourcecode.swift; path = ViewController.swift; sourceTree = "<group>"; };
		2ECB80661C07600900CE72EB /* Base */ = {isa = PBXFileReference; lastKnownFileType = file.storyboard; name = Base; path = Base.lproj/Main.storyboard; sourceTree = "<group>"; };
		2ECB80691C07600900CE72EB /* readingList.xcdatamodel */ = {isa = PBXFileReference; lastKnownFileType = wrapper.xcdatamodel; path = readingList.xcdatamodel; sourceTree = "<group>"; };
		2ECB806B1C07600900CE72EB /* Assets.xcassets */ = {isa = PBXFileReference; lastKnownFileType = folder.assetcatalog; path = Assets.xcassets; sourceTree = "<group>"; };
		2ECB806E1C07600900CE72EB /* Base */ = {isa = PBXFileReference; lastKnownFileType = file.storyboard; name = Base; path = Base.lproj/LaunchScreen.storyboard; sourceTree = "<group>"; };
		2ECB80701C07600900CE72EB /* Info.plist */ = {isa = PBXFileReference; lastKnownFileType = text.plist.xml; path = Info.plist; sourceTree = "<group>"; };
/* End PBXFileReference section */

/* Begin PBXFrameworksBuildPhase section */
		2ECB805B1C07600800CE72EB /* Frameworks */ = {
			isa = PBXFrameworksBuildPhase;
			buildActionMask = 2147483647;
			files = (
			);
			runOnlyForDeploymentPostprocessing = 0;
		};
/* End PBXFrameworksBuildPhase section */

/* Begin PBXGroup section */
		2ECB80551C07600800CE72EB = {
			isa = PBXGroup;
			children = (
				2ECB80601C07600900CE72EB /* readingList */,
				2ECB805F1C07600900CE72EB /* Products */,
			);
			sourceTree = "<group>";
		};
		2ECB805F1C07600900CE72EB /* Products */ = {
			isa = PBXGroup;
			children = (
				2ECB805E1C07600900CE72EB /* readingList.app */,
			);
			name = Products;
			sourceTree = "<group>";
		};
		2ECB80601C07600900CE72EB /* readingList */ = {
			isa = PBXGroup;
			children = (
				2ECB80761C07616500CE72EB /* SupportingFiles */,
				2ECB80631C07600900CE72EB /* ViewController.swift */,
				2ECB80651C07600900CE72EB /* Main.storyboard */,
			);
			path = readingList;
			sourceTree = "<group>";
		};
		2ECB80761C07616500CE72EB /* SupportingFiles */ = {
			isa = PBXGroup;
			children = (
				2ECB80611C07600900CE72EB /* AppDelegate.swift */,
				2ECB806B1C07600900CE72EB /* Assets.xcassets */,
				2ECB806D1C07600900CE72EB /* LaunchScreen.storyboard */,
				2ECB80701C07600900CE72EB /* Info.plist */,
				2ECB80681C07600900CE72EB /* readingList.xcdatamodeld */,
			);
			name = SupportingFiles;
			sourceTree = "<group>";
		};
/* End PBXGroup section */

/* Begin PBXNativeTarget section */
		2ECB805D1C07600800CE72EB /* readingList */ = {
			isa = PBXNativeTarget;
			buildConfigurationList = 2ECB80731C07600900CE72EB /* Build configuration list for PBXNativeTarget "readingList" */;
			buildPhases = (
				2ECB805A1C07600800CE72EB /* Sources */,
				2ECB805B1C07600800CE72EB /* Frameworks */,
				2ECB805C1C07600800CE72EB /* Resources */,
			);
			buildRules = (
			);
			dependencies = (
			);
			name = readingList;
			productName = readingList;
			productReference = 2ECB805E1C07600900CE72EB /* readingList.app */;
			productType = "com.apple.product-type.application";
		};
/* End PBXNativeTarget section */

/* Begin PBXProject section */
		2ECB80561C07600800CE72EB /* Project object */ = {
			isa = PBXProject;
			attributes = {
				LastSwiftUpdateCheck = 0710;
				LastUpgradeCheck = 0710;
				ORGANIZATIONNAME = "Aditya Sarkar";
				TargetAttributes = {
					2ECB805D1C07600800CE72EB = {
						CreatedOnToolsVersion = 7.1;
					};
				};
			};
			buildConfigurationList = 2ECB80591C07600800CE72EB /* Build configuration list for PBXProject "readingList" */;
			compatibilityVersion = "Xcode 3.2";
			developmentRegion = English;
			hasScannedForEncodings = 0;
			knownRegions = (
				en,
				Base,
			);
			mainGroup = 2ECB80551C07600800CE72EB;
			productRefGroup = 2ECB805F1C07600900CE72EB /* Products */;
			projectDirPath = "";
			projectRoot = "";
			targets = (
				2ECB805D1C07600800CE72EB /* readingList */,
			);
		};
/* End PBXProject section */

/* Begin PBXResourcesBuildPhase section */
		2ECB805C1C07600800CE72EB /* Resources */ = {
			isa = PBXResourcesBuildPhase;
			buildActionMask = 2147483647;
			files = (
				2ECB806F1C07600900CE72EB /* LaunchScreen.storyboard in Resources */,
				2ECB806C1C07600900CE72EB /* Assets.xcassets in Resources */,
				2ECB80671C07600900CE72EB /* Main.storyboard in Resources */,
			);
			runOnlyForDeploymentPostprocessing = 0;
		};
/* End PBXResourcesBuildPhase section */

/* Begin PBXSourcesBuildPhase section */
		2ECB805A1C07600800CE72EB /* Sources */ = {
			isa = PBXSourcesBuildPhase;
			buildActionMask = 2147483647;
			files = (
				2ECB80641C07600900CE72EB /* ViewController.swift in Sources */,
				2ECB806A1C07600900CE72EB /* readingList.xcdatamodeld in Sources */,
				2ECB80621C07600900CE72EB /* AppDelegate.swift in Sources */,
			);
			runOnlyForDeploymentPostprocessing = 0;
		};
/* End PBXSourcesBuildPhase section */

/* Begin PBXVariantGroup section */
		2ECB80651C07600900CE72EB /* Main.storyboard */ = {
			isa = PBXVariantGroup;
			children = (
				2ECB80661C07600900CE72EB /* Base */,
			);
			name = Main.storyboard;
			sourceTree = "<group>";
		};
		2ECB806D1C07600900CE72EB /* LaunchScreen.storyboard */ = {
			isa = PBXVariantGroup;
			children = (
				2ECB806E1C07600900CE72EB /* Base */,
			);
			name = LaunchScreen.storyboard;
			sourceTree = "<group>";
		};
/* End PBXVariantGroup section */

/* Begin XCBuildConfiguration section */
		2ECB80711C07600900CE72EB /* Debug */ = {
			isa = XCBuildConfiguration;
			buildSettings = {
				ALWAYS_SEARCH_USER_PATHS = NO;
				CLANG_CXX_LANGUAGE_STANDARD = "gnu++0x";
				CLANG_CXX_LIBRARY = "libc++";
				CLANG_ENABLE_MODULES = YES;
				CLANG_ENABLE_OBJC_ARC = YES;
				CLANG_WARN_BOOL_CONVERSION = YES;
				CLANG_WARN_CONSTANT_CONVERSION = YES;
				CLANG_WARN_DIRECT_OBJC_ISA_USAGE = YES_ERROR;
				CLANG_WARN_EMPTY_BODY = YES;
				CLANG_WARN_ENUM_CONVERSION = YES;
				CLANG_WARN_INT_CONVERSION = YES;
				CLANG_WARN_OBJC_ROOT_CLASS = YES_ERROR;
				CLANG_WARN_UNREACHABLE_CODE = YES;
				CLANG_WARN__DUPLICATE_METHOD_MATCH = YES;
				"CODE_SIGN_IDENTITY[sdk=iphoneos*]" = "iPhone Developer";
				COPY_PHASE_STRIP = NO;
				DEBUG_INFORMATION_FORMAT = dwarf;
				ENABLE_STRICT_OBJC_MSGSEND = YES;
				ENABLE_TESTABILITY = YES;
				GCC_C_LANGUAGE_STANDARD = gnu99;
				GCC_DYNAMIC_NO_PIC = NO;
				GCC_NO_COMMON_BLOCKS = YES;
				GCC_OPTIMIZATION_LEVEL = 0;
				GCC_PREPROCESSOR_DEFINITIONS = (
					"DEBUG=1",
					"$(inherited)",
				);
				GCC_WARN_64_TO_32_BIT_CONVERSION = YES;
				GCC_WARN_ABOUT_RETURN_TYPE = YES_ERROR;
				GCC_WARN_UNDECLARED_SELECTOR = YES;
				GCC_WARN_UNINITIALIZED_AUTOS = YES_AGGRESSIVE;
				GCC_WARN_UNUSED_FUNCTION = YES;
				GCC_WARN_UNUSED_VARIABLE = YES;
				IPHONEOS_DEPLOYMENT_TARGET = 9.1;
				MTL_ENABLE_DEBUG_INFO = YES;
				ONLY_ACTIVE_ARCH = YES;
				SDKROOT = iphoneos;
				SWIFT_OPTIMIZATION_LEVEL = "-Onone";
				TARGETED_DEVICE_FAMILY = "1,2";
			};
			name = Debug;
		};
		2ECB80721C07600900CE72EB /* Release */ = {
			isa = XCBuildConfiguration;
			buildSettings = {
				ALWAYS_SEARCH_USER_PATHS = NO;
				CLANG_CXX_LANGUAGE_STANDARD = "gnu++0x";
				CLANG_CXX_LIBRARY = "libc++";
				CLANG_ENABLE_MODULES = YES;
				CLANG_ENABLE_OBJC_ARC = YES;
				CLANG_WARN_BOOL_CONVERSION = YES;
				CLANG_WARN_CONSTANT_CONVERSION = YES;
				CLANG_WARN_DIRECT_OBJC_ISA_USAGE = YES_ERROR;
				CLANG_WARN_EMPTY_BODY = YES;
				CLANG_WARN_ENUM_CONVERSION = YES;
				CLANG_WARN_INT_CONVERSION = YES;
				CLANG_WARN_OBJC_ROOT_CLASS = YES_ERROR;
				CLANG_WARN_UNREACHABLE_CODE = YES;
				CLANG_WARN__DUPLICATE_METHOD_MATCH = YES;
				"CODE_SIGN_IDENTITY[sdk=iphoneos*]" = "iPhone Developer";
				COPY_PHASE_STRIP = NO;
				DEBUG_INFORMATION_FORMAT = "dwarf-with-dsym";
				ENABLE_NS_ASSERTIONS = NO;
				ENABLE_STRICT_OBJC_MSGSEND = YES;
				GCC_C_LANGUAGE_STANDARD = gnu99;
				GCC_NO_COMMON_BLOCKS = YES;
				GCC_WARN_64_TO_32_BIT_CONVERSION = YES;
				GCC_WARN_ABOUT_RETURN_TYPE = YES_ERROR;
				GCC_WARN_UNDECLARED_SELECTOR = YES;
				GCC_WARN_UNINITIALIZED_AUTOS = YES_AGGRESSIVE;
				GCC_WARN_UNUSED_FUNCTION = YES;
				GCC_WARN_UNUSED_VARIABLE = YES;
				IPHONEOS_DEPLOYMENT_TARGET = 9.1;
				MTL_ENABLE_DEBUG_INFO = NO;
				SDKROOT = iphoneos;
				TARGETED_DEVICE_FAMILY = "1,2";
				VALIDATE_PRODUCT = YES;
			};
			name = Release;
		};
		2ECB80741C07600900CE72EB /* Debug */ = {
			isa = XCBuildConfiguration;
			buildSettings = {
				ASSETCATALOG_COMPILER_APPICON_NAME = AppIcon;
				INFOPLIST_FILE = readingList/Info.plist;
				LD_RUNPATH_SEARCH_PATHS = "$(inherited) @executable_path/Frameworks";
				PRODUCT_BUNDLE_IDENTIFIER = edu.stanford.cs193p.sarkar17.readingList;
				PRODUCT_NAME = "$(TARGET_NAME)";
			};
			name = Debug;
		};
		2ECB80751C07600900CE72EB /* Release */ = {
			isa = XCBuildConfiguration;
			buildSettings = {
				ASSETCATALOG_COMPILER_APPICON_NAME = AppIcon;
				INFOPLIST_FILE = readingList/Info.plist;
				LD_RUNPATH_SEARCH_PATHS = "$(inherited) @executable_path/Frameworks";
				PRODUCT_BUNDLE_IDENTIFIER = edu.stanford.cs193p.sarkar17.readingList;
				PRODUCT_NAME = "$(TARGET_NAME)";
			};
			name = Release;
		};
/* End XCBuildConfiguration section */

/* Begin XCConfigurationList section */
		2ECB80591C07600800CE72EB /* Build configuration list for PBXProject "readingList" */ = {
			isa = XCConfigurationList;
			buildConfigurations = (
				2ECB80711C07600900CE72EB /* Debug */,
				2ECB80721C07600900CE72EB /* Release */,
			);
			defaultConfigurationIsVisible = 0;
			defaultConfigurationName = Release;
		};
		2ECB80731C07600900CE72EB /* Build configuration list for PBXNativeTarget "readingList" */ = {
			isa = XCConfigurationList;
			buildConfigurations = (
				2ECB80741C07600900CE72EB /* Debug */,
				2ECB80751C07600900CE72EB /* Release */,
			);
			defaultConfigurationIsVisible = 0;
		};
/* End XCConfigurationList section */

/* Begin XCVersionGroup section */
		2ECB80681C07600900CE72EB /* readingList.xcdatamodeld */ = {
			isa = XCVersionGroup;
			children = (
				2ECB80691C07600900CE72EB /* readingList.xcdatamodel */,
			);
			currentVersion = 2ECB80691C07600900CE72EB /* readingList.xcdatamodel */;
			path = readingList.xcdatamodeld;
			sourceTree = "<group>";
			versionGroupType = wrapper.xcdatamodel;
		};
/* End XCVersionGroup section */
	};
	rootObject = 2ECB80561C07600800CE72EB /* Project object */;
}
